
Microsoft Visual Studio Solution File, Format Version 12.00
# Visual Studio Version 17
VisualStudioVersion = 17.13.35931.197 d17.13
MinimumVisualStudioVersion = 10.0.40219.1
Project("{FAE04EC0-301F-11D3-BF4B-00C04F79EFBC}") = "ChecksumDownloads", "ChecksumDownloads\ChecksumDownloads.csproj", "{2B53D448-A611-4FAF-9CE9-51C91EA3E1A6}"
EndProject
Global
	GlobalSection(SolutionConfigurationPlatforms) = preSolution
		Debug|Any CPU = Debug|Any CPU
		Release|Any CPU = Release|Any CPU
	EndGlobalSection
	GlobalSection(ProjectConfigurationPlatforms) = postSolution
		{2B53D448-A611-4FAF-9CE9-51C91EA3E1A6}.Debug|Any CPU.ActiveCfg = Debug|Any CPU
		{2B53D448-A611-4FAF-9CE9-51C91EA3E1A6}.Debug|Any CPU.Build.0 = Debug|Any CPU
		{2B53D448-A611-4FAF-9CE9-51C91EA3E1A6}.Release|Any CPU.ActiveCfg = Release|Any CPU
		{2B53D448-A611-4FAF-9CE9-51C91EA3E1A6}.Release|Any CPU.Build.0 = Release|Any CPU
	EndGlobalSection
	GlobalSection(SolutionProperties) = preSolution
		HideSolutionNode = FALSE
	EndGlobalSection
	GlobalSection(ExtensibilityGlobals) = postSolution
		SolutionGuid = {DCBB1880-C923-430C-AD81-256FF9F232D9}
	EndGlobalSection
EndGlobal
